
Microsoft Visual Studio Solution File, Format Version 12.00
# Visual Studio 14
VisualStudioVersion = 14.0.25123.0
MinimumVisualStudioVersion = 10.0.40219.1
Project("{FAE04EC0-301F-11D3-BF4B-00C04F79EFBC}") = "WebAppInventario", "WebAppInventario\WebAppInventario.csproj", "{2F85D724-71A1-4A0B-8016-F1E1508993CA}"
EndProject
Project("{FAE04EC0-301F-11D3-BF4B-00C04F79EFBC}") = "DataInventory", "DataInventory\DataInventory.csproj", "{DE508762-1AC1-4582-9571-FAF3AE3E69E8}"
EndProject
Project("{FAE04EC0-301F-11D3-BF4B-00C04F79EFBC}") = "Inventory_Bussines", "Inventory_Bussines\Inventory_Bussines.csproj", "{384D5D8C-5977-40F7-A6D7-DE41700D13B6}"
EndProject
Global
	GlobalSection(SolutionConfigurationPlatforms) = preSolution
		Debug|Any CPU = Debug|Any CPU
		Release|Any CPU = Release|Any CPU
	EndGlobalSection
	GlobalSection(ProjectConfigurationPlatforms) = postSolution
		{2F85D724-71A1-4A0B-8016-F1E1508993CA}.Debug|Any CPU.ActiveCfg = Debug|Any CPU
		{2F85D724-71A1-4A0B-8016-F1E1508993CA}.Debug|Any CPU.Build.0 = Debug|Any CPU
		{2F85D724-71A1-4A0B-8016-F1E1508993CA}.Release|Any CPU.ActiveCfg = Release|Any CPU
		{2F85D724-71A1-4A0B-8016-F1E1508993CA}.Release|Any CPU.Build.0 = Release|Any CPU
		{DE508762-1AC1-4582-9571-FAF3AE3E69E8}.Debug|Any CPU.ActiveCfg = Debug|Any CPU
		{DE508762-1AC1-4582-9571-FAF3AE3E69E8}.Debug|Any CPU.Build.0 = Debug|Any CPU
		{DE508762-1AC1-4582-9571-FAF3AE3E69E8}.Release|Any CPU.ActiveCfg = Release|Any CPU
		{DE508762-1AC1-4582-9571-FAF3AE3E69E8}.Release|Any CPU.Build.0 = Release|Any CPU
		{384D5D8C-5977-40F7-A6D7-DE41700D13B6}.Debug|Any CPU.ActiveCfg = Debug|Any CPU
		{384D5D8C-5977-40F7-A6D7-DE41700D13B6}.Debug|Any CPU.Build.0 = Debug|Any CPU
		{384D5D8C-5977-40F7-A6D7-DE41700D13B6}.Release|Any CPU.ActiveCfg = Release|Any CPU
		{384D5D8C-5977-40F7-A6D7-DE41700D13B6}.Release|Any CPU.Build.0 = Release|Any CPU
	EndGlobalSection
	GlobalSection(SolutionProperties) = preSolution
		HideSolutionNode = FALSE
	EndGlobalSection
EndGlobal
